
Microsoft Visual Studio Solution File, Format Version 12.00
# Visual Studio Version 17
VisualStudioVersion = 17.7.34221.43
MinimumVisualStudioVersion = 10.0.40219.1
Project("{FAE04EC0-301F-11D3-BF4B-00C04F79EFBC}") = "pr_1", "pr_1\pr_1.csproj", "{9DCE1B3B-28CF-473B-9132-D541D04DF592}"
EndProject
Global
	GlobalSection(SolutionConfigurationPlatforms) = preSolution
		Debug|Any CPU = Debug|Any CPU
		Release|Any CPU = Release|Any CPU
	EndGlobalSection
	GlobalSection(ProjectConfigurationPlatforms) = postSolution
		{9DCE1B3B-28CF-473B-9132-D541D04DF592}.Debug|Any CPU.ActiveCfg = Debug|Any CPU
		{9DCE1B3B-28CF-473B-9132-D541D04DF592}.Debug|Any CPU.Build.0 = Debug|Any CPU
		{9DCE1B3B-28CF-473B-9132-D541D04DF592}.Release|Any CPU.ActiveCfg = Release|Any CPU
		{9DCE1B3B-28CF-473B-9132-D541D04DF592}.Release|Any CPU.Build.0 = Release|Any CPU
	EndGlobalSection
	GlobalSection(SolutionProperties) = preSolution
		HideSolutionNode = FALSE
	EndGlobalSection
	GlobalSection(ExtensibilityGlobals) = postSolution
		SolutionGuid = {E7C912DA-CC94-4421-8210-4D97ECF7DED2}
	EndGlobalSection
EndGlobal
